// !$*UTF8*$!
{
	archiveVersion = 1;
	classes = {
	};
	objectVersion = 52;
	objects = {

/* Begin PBXBuildFile section */
		455418E92677D398000B1340 /* EssentialFeed.h in Headers */ = {isa = PBXBuildFile; fileRef = 455418DB2677D398000B1340 /* EssentialFeed.h */; settings = {ATTRIBUTES = (Public, ); }; };
		455418F52677D3AA000B1340 /* FeedItem.swift in Sources */ = {isa = PBXBuildFile; fileRef = 455418F42677D3AA000B1340 /* FeedItem.swift */; };
		455418F92677D435000B1340 /* FeedLoader.swift in Sources */ = {isa = PBXBuildFile; fileRef = 455418F82677D435000B1340 /* FeedLoader.swift */; };
		4554191F2677E915000B1340 /* EssentialFeed.framework in Frameworks */ = {isa = PBXBuildFile; fileRef = 455418D82677D398000B1340 /* EssentialFeed.framework */; };
		4554192A2677EB40000B1340 /* LoadFeedFromRemoteUseCaseTests.swift in Sources */ = {isa = PBXBuildFile; fileRef = 455419292677EB40000B1340 /* LoadFeedFromRemoteUseCaseTests.swift */; };
		4554192F267807C5000B1340 /* RemoteFeedLoader.swift in Sources */ = {isa = PBXBuildFile; fileRef = 4554192E267807C5000B1340 /* RemoteFeedLoader.swift */; };
		45541941267A5AEB000B1340 /* HTTPClient.swift in Sources */ = {isa = PBXBuildFile; fileRef = 45541940267A5AEB000B1340 /* HTTPClient.swift */; };
		45541949267A5CAD000B1340 /* FeedItemsMapper.swift in Sources */ = {isa = PBXBuildFile; fileRef = 45541948267A5CAD000B1340 /* FeedItemsMapper.swift */; };
		45541956267A8AA7000B1340 /* URLSessionHTTPClientTests.swift in Sources */ = {isa = PBXBuildFile; fileRef = 45541955267A8AA7000B1340 /* URLSessionHTTPClientTests.swift */; };
		4554195B267B99F7000B1340 /* XCTestCase+MemoryLeaksTracking.swift in Sources */ = {isa = PBXBuildFile; fileRef = 4554195A267B99F7000B1340 /* XCTestCase+MemoryLeaksTracking.swift */; };
		45541967267D0157000B1340 /* URLSessionHTTPClient.swift in Sources */ = {isa = PBXBuildFile; fileRef = 45541966267D0157000B1340 /* URLSessionHTTPClient.swift */; };
		45541971267D389A000B1340 /* EssentialFeedAPIEndToEndTests.swift in Sources */ = {isa = PBXBuildFile; fileRef = 45541970267D389A000B1340 /* EssentialFeedAPIEndToEndTests.swift */; };
		45541973267D389A000B1340 /* EssentialFeed.framework in Frameworks */ = {isa = PBXBuildFile; fileRef = 455418D82677D398000B1340 /* EssentialFeed.framework */; };
		4554197C267D3D17000B1340 /* XCTestCase+MemoryLeaksTracking.swift in Sources */ = {isa = PBXBuildFile; fileRef = 4554195A267B99F7000B1340 /* XCTestCase+MemoryLeaksTracking.swift */; };
		4554198B267ED5E7000B1340 /* CacheFeedUseCaseTests.swift in Sources */ = {isa = PBXBuildFile; fileRef = 4554198A267ED5E7000B1340 /* CacheFeedUseCaseTests.swift */; };
		4554199D267F9262000B1340 /* LocalFeedLoader.swift in Sources */ = {isa = PBXBuildFile; fileRef = 4554199C267F9262000B1340 /* LocalFeedLoader.swift */; };
		455419A5267F92F6000B1340 /* FeedStore.swift in Sources */ = {isa = PBXBuildFile; fileRef = 455419A4267F92F6000B1340 /* FeedStore.swift */; };
		455419AA267F9F5A000B1340 /* RemoteFeedItem.swift in Sources */ = {isa = PBXBuildFile; fileRef = 455419A9267F9F5A000B1340 /* RemoteFeedItem.swift */; };
		455419AF267F9F8C000B1340 /* LocalFeedImage.swift in Sources */ = {isa = PBXBuildFile; fileRef = 455419AE267F9F8C000B1340 /* LocalFeedImage.swift */; };
		455419C0267FA726000B1340 /* LoadFeedFromCacheUseCaseTests.swift in Sources */ = {isa = PBXBuildFile; fileRef = 455419BF267FA726000B1340 /* LoadFeedFromCacheUseCaseTests.swift */; };
		455419C6267FA96B000B1340 /* FeedStoreSpy.swift in Sources */ = {isa = PBXBuildFile; fileRef = 455419C5267FA96B000B1340 /* FeedStoreSpy.swift */; };
		455419D4268164AB000B1340 /* ValidateFeedCacheUseCaseTests.swift in Sources */ = {isa = PBXBuildFile; fileRef = 455419D3268164AA000B1340 /* ValidateFeedCacheUseCaseTests.swift */; };
		455419D9268168E7000B1340 /* FeedCacheTestsHelpers.swift in Sources */ = {isa = PBXBuildFile; fileRef = 455419D8268168E7000B1340 /* FeedCacheTestsHelpers.swift */; };
		455419DE268169B6000B1340 /* SharedTestHelpers.swift in Sources */ = {isa = PBXBuildFile; fileRef = 455419DD268169B6000B1340 /* SharedTestHelpers.swift */; };
		455419E62681783D000B1340 /* FeedCachePolicy.swift in Sources */ = {isa = PBXBuildFile; fileRef = 455419E52681783D000B1340 /* FeedCachePolicy.swift */; };
		45541A012683824B000B1340 /* FeedStoreSpecs.swift in Sources */ = {isa = PBXBuildFile; fileRef = 45541A002683824B000B1340 /* FeedStoreSpecs.swift */; };
		45541A0626838405000B1340 /* XCTestcast+FeedStoreSpecs.swift in Sources */ = {isa = PBXBuildFile; fileRef = 45541A0526838405000B1340 /* XCTestcast+FeedStoreSpecs.swift */; };
		45541A0B26838D7F000B1340 /* XCTestcast+FailableRetrieveFeedStoreSpecs.swift in Sources */ = {isa = PBXBuildFile; fileRef = 45541A0A26838D7F000B1340 /* XCTestcast+FailableRetrieveFeedStoreSpecs.swift */; };
		45541A1326838E5F000B1340 /* XCTestcase+FailableInsertionFeedStoreSpecs.swift in Sources */ = {isa = PBXBuildFile; fileRef = 45541A1226838E5F000B1340 /* XCTestcase+FailableInsertionFeedStoreSpecs.swift */; };
		45541A1826838F08000B1340 /* XCTestcase+FailableDeleteFeedStoreSpecs.swift in Sources */ = {isa = PBXBuildFile; fileRef = 45541A1726838F08000B1340 /* XCTestcase+FailableDeleteFeedStoreSpecs.swift */; };
		45541A2426839322000B1340 /* CoreDataStoreTests.swift in Sources */ = {isa = PBXBuildFile; fileRef = 45541A2326839322000B1340 /* CoreDataStoreTests.swift */; };
		45541A5A2683A948000B1340 /* FeedStore.xcdatamodeld in Sources */ = {isa = PBXBuildFile; fileRef = 45541A582683A948000B1340 /* FeedStore.xcdatamodeld */; };
		45541A5F2683AB62000B1340 /* CoreDataFeedStore.swift in Sources */ = {isa = PBXBuildFile; fileRef = 45541A5E2683AB62000B1340 /* CoreDataFeedStore.swift */; };
		45541A6D2683DED7000B1340 /* EssentialFeedCacheIntegrationTests.swift in Sources */ = {isa = PBXBuildFile; fileRef = 45541A6C2683DED7000B1340 /* EssentialFeedCacheIntegrationTests.swift */; };
		45541A6F2683DED7000B1340 /* EssentialFeed.framework in Frameworks */ = {isa = PBXBuildFile; fileRef = 455418D82677D398000B1340 /* EssentialFeed.framework */; };
		45541A792683E31C000B1340 /* XCTestCase+MemoryLeaksTracking.swift in Sources */ = {isa = PBXBuildFile; fileRef = 4554195A267B99F7000B1340 /* XCTestCase+MemoryLeaksTracking.swift */; };
		45541A7E2683EA54000B1340 /* FeedCacheTestsHelpers.swift in Sources */ = {isa = PBXBuildFile; fileRef = 455419D8268168E7000B1340 /* FeedCacheTestsHelpers.swift */; };
		45541A832683EA69000B1340 /* SharedTestHelpers.swift in Sources */ = {isa = PBXBuildFile; fileRef = 455419DD268169B6000B1340 /* SharedTestHelpers.swift */; };
		45541B8526857709000B1340 /* EssentialFeediOS.framework in Frameworks */ = {isa = PBXBuildFile; fileRef = 45541B7C26857709000B1340 /* EssentialFeediOS.framework */; };
		45541BB72685B3C6000B1340 /* FeedUIIntegrationTests.swift in Sources */ = {isa = PBXBuildFile; fileRef = 45541BB62685B3C6000B1340 /* FeedUIIntegrationTests.swift */; };
		45541BBF26861708000B1340 /* EssentialFeed.framework in Frameworks */ = {isa = PBXBuildFile; fileRef = 455418D82677D398000B1340 /* EssentialFeed.framework */; platformFilter = ios; };
		45541BC026861708000B1340 /* EssentialFeed.framework in Embed Frameworks */ = {isa = PBXBuildFile; fileRef = 455418D82677D398000B1340 /* EssentialFeed.framework */; platformFilter = ios; settings = {ATTRIBUTES = (CodeSignOnCopy, RemoveHeadersOnCopy, ); }; };
		45541BC92686185E000B1340 /* XCTestCase+MemoryLeaksTracking.swift in Sources */ = {isa = PBXBuildFile; fileRef = 4554195A267B99F7000B1340 /* XCTestCase+MemoryLeaksTracking.swift */; };
		45541BF72686EFD6000B1340 /* FeedImageCell.swift in Sources */ = {isa = PBXBuildFile; fileRef = 45541BCF2686EEEE000B1340 /* FeedImageCell.swift */; };
		45541BFE2686EFF5000B1340 /* FeedViewController.swift in Sources */ = {isa = PBXBuildFile; fileRef = 45541BFD2686EFF5000B1340 /* FeedViewController.swift */; };
		45541C2A2687E741000B1340 /* UIView+Shimmering.swift in Sources */ = {isa = PBXBuildFile; fileRef = 45541C292687E741000B1340 /* UIView+Shimmering.swift */; };
		45541C932688E841000B1340 /* UIImage+TestHelpers.swift in Sources */ = {isa = PBXBuildFile; fileRef = 45541C922688E841000B1340 /* UIImage+TestHelpers.swift */; };
		45541C9F2688E8AC000B1340 /* UIRefreshControl+TestHelpers.swift in Sources */ = {isa = PBXBuildFile; fileRef = 45541C9E2688E8AC000B1340 /* UIRefreshControl+TestHelpers.swift */; };
		45541CA62688E8D9000B1340 /* UIButton+TestHelpers.swift in Sources */ = {isa = PBXBuildFile; fileRef = 45541CA52688E8D9000B1340 /* UIButton+TestHelpers.swift */; };
		45541CAD2688E900000B1340 /* UIControl+TestHelpers.swift in Sources */ = {isa = PBXBuildFile; fileRef = 45541CAC2688E900000B1340 /* UIControl+TestHelpers.swift */; };
		45541CC6268A1C1C000B1340 /* FeedImageDataLoader.swift in Sources */ = {isa = PBXBuildFile; fileRef = 45541CC5268A1C1C000B1340 /* FeedImageDataLoader.swift */; };
		45541CD4268A2988000B1340 /* FeedImageCellController.swift in Sources */ = {isa = PBXBuildFile; fileRef = 45541CD3268A2988000B1340 /* FeedImageCellController.swift */; };
		45541CDC268A2E34000B1340 /* FeedUIComposer.swift in Sources */ = {isa = PBXBuildFile; fileRef = 45541CDB268A2E34000B1340 /* FeedUIComposer.swift */; };
		45541D0A268A4FB9000B1340 /* FeedImageViewModel.swift in Sources */ = {isa = PBXBuildFile; fileRef = 45541D09268A4FB9000B1340 /* FeedImageViewModel.swift */; };
		45541D36268B69F2000B1340 /* FeedPresenter.swift in Sources */ = {isa = PBXBuildFile; fileRef = 45541D35268B69F2000B1340 /* FeedPresenter.swift */; };
		45541D53268CF8C0000B1340 /* FeedImagePresenter.swift in Sources */ = {isa = PBXBuildFile; fileRef = 45541D52268CF8C0000B1340 /* FeedImagePresenter.swift */; };
		45541D5A268CFF23000B1340 /* FeedLoadingViewModel.swift in Sources */ = {isa = PBXBuildFile; fileRef = 45541D59268CFF23000B1340 /* FeedLoadingViewModel.swift */; };
		45541D61268CFF5B000B1340 /* FeedViewModel.swift in Sources */ = {isa = PBXBuildFile; fileRef = 45541D60268CFF5B000B1340 /* FeedViewModel.swift */; };
		45541D72268D059A000B1340 /* Feed.storyboard in Resources */ = {isa = PBXBuildFile; fileRef = 45541D71268D0599000B1340 /* Feed.storyboard */; };
		45541D79268D05CE000B1340 /* Feed.xcassets in Resources */ = {isa = PBXBuildFile; fileRef = 45541D78268D05CE000B1340 /* Feed.xcassets */; };
		45541D85268D8F18000B1340 /* UITableView+Dequeueing.swift in Sources */ = {isa = PBXBuildFile; fileRef = 45541D84268D8F18000B1340 /* UITableView+Dequeueing.swift */; };
		45541D8C268D8FAD000B1340 /* UIImageView+Animations.swift in Sources */ = {isa = PBXBuildFile; fileRef = 45541D8B268D8FAD000B1340 /* UIImageView+Animations.swift */; };
		45541DA4268D9622000B1340 /* FeedViewControllerTests+Localization.swift in Sources */ = {isa = PBXBuildFile; fileRef = 45541DA3268D9622000B1340 /* FeedViewControllerTests+Localization.swift */; };
		45541DAF268D97C2000B1340 /* Feed.strings in Resources */ = {isa = PBXBuildFile; fileRef = 45541DB1268D97C2000B1340 /* Feed.strings */; };
		45541E0A268DA978000B1340 /* FeedLocalizationTests.swift in Sources */ = {isa = PBXBuildFile; fileRef = 45541E09268DA978000B1340 /* FeedLocalizationTests.swift */; };
		45541E25268ED575000B1340 /* MainQueueDispatchDecorator.swift in Sources */ = {isa = PBXBuildFile; fileRef = 45541E24268ED575000B1340 /* MainQueueDispatchDecorator.swift */; };
		45541E2C268ED5F8000B1340 /* WeakRefVirtualProxy.swift in Sources */ = {isa = PBXBuildFile; fileRef = 45541E2B268ED5F8000B1340 /* WeakRefVirtualProxy.swift */; };
		45541E33268ED651000B1340 /* FeedImageDataLoaderPresentationAdapter.swift in Sources */ = {isa = PBXBuildFile; fileRef = 45541E32268ED650000B1340 /* FeedImageDataLoaderPresentationAdapter.swift */; };
/* End PBXBuildFile section */

/* Begin PBXContainerItemProxy section */
		455419202677E915000B1340 /* PBXContainerItemProxy */ = {
			isa = PBXContainerItemProxy;
			containerPortal = 455418CF2677D398000B1340 /* Project object */;
			proxyType = 1;
			remoteGlobalIDString = 455418D72677D398000B1340;
			remoteInfo = EssentialFeed;
		};
		45541974267D389A000B1340 /* PBXContainerItemProxy */ = {
			isa = PBXContainerItemProxy;
			containerPortal = 455418CF2677D398000B1340 /* Project object */;
			proxyType = 1;
			remoteGlobalIDString = 455418D72677D398000B1340;
			remoteInfo = EssentialFeed;
		};
		45541A702683DED7000B1340 /* PBXContainerItemProxy */ = {
			isa = PBXContainerItemProxy;
			containerPortal = 455418CF2677D398000B1340 /* Project object */;
			proxyType = 1;
			remoteGlobalIDString = 455418D72677D398000B1340;
			remoteInfo = EssentialFeed;
		};
		45541B8626857709000B1340 /* PBXContainerItemProxy */ = {
			isa = PBXContainerItemProxy;
			containerPortal = 455418CF2677D398000B1340 /* Project object */;
			proxyType = 1;
			remoteGlobalIDString = 45541B7B26857709000B1340;
			remoteInfo = EssentialFeediOS;
		};
		45541BC126861708000B1340 /* PBXContainerItemProxy */ = {
			isa = PBXContainerItemProxy;
			containerPortal = 455418CF2677D398000B1340 /* Project object */;
			proxyType = 1;
			remoteGlobalIDString = 455418D72677D398000B1340;
			remoteInfo = EssentialFeed;
		};
/* End PBXContainerItemProxy section */

/* Begin PBXCopyFilesBuildPhase section */
		45541BC326861708000B1340 /* Embed Frameworks */ = {
			isa = PBXCopyFilesBuildPhase;
			buildActionMask = 2147483647;
			dstPath = "";
			dstSubfolderSpec = 10;
			files = (
				45541BC026861708000B1340 /* EssentialFeed.framework in Embed Frameworks */,
			);
			name = "Embed Frameworks";
			runOnlyForDeploymentPostprocessing = 0;
		};
/* End PBXCopyFilesBuildPhase section */

/* Begin PBXFileReference section */
		455418D82677D398000B1340 /* EssentialFeed.framework */ = {isa = PBXFileReference; explicitFileType = wrapper.framework; includeInIndex = 0; path = EssentialFeed.framework; sourceTree = BUILT_PRODUCTS_DIR; };
		455418DB2677D398000B1340 /* EssentialFeed.h */ = {isa = PBXFileReference; lastKnownFileType = sourcecode.c.h; path = EssentialFeed.h; sourceTree = "<group>"; };
		455418DC2677D398000B1340 /* Info.plist */ = {isa = PBXFileReference; lastKnownFileType = text.plist.xml; path = Info.plist; sourceTree = "<group>"; };
		455418F42677D3AA000B1340 /* FeedItem.swift */ = {isa = PBXFileReference; lastKnownFileType = sourcecode.swift; path = FeedItem.swift; sourceTree = "<group>"; };
		455418F82677D435000B1340 /* FeedLoader.swift */ = {isa = PBXFileReference; lastKnownFileType = sourcecode.swift; path = FeedLoader.swift; sourceTree = "<group>"; };
		4554191A2677E915000B1340 /* EssentialFeedTests.xctest */ = {isa = PBXFileReference; explicitFileType = wrapper.cfbundle; includeInIndex = 0; path = EssentialFeedTests.xctest; sourceTree = BUILT_PRODUCTS_DIR; };
		4554191E2677E915000B1340 /* Info.plist */ = {isa = PBXFileReference; lastKnownFileType = text.plist.xml; path = Info.plist; sourceTree = "<group>"; };
		455419292677EB40000B1340 /* LoadFeedFromRemoteUseCaseTests.swift */ = {isa = PBXFileReference; lastKnownFileType = sourcecode.swift; path = LoadFeedFromRemoteUseCaseTests.swift; sourceTree = "<group>"; };
		4554192E267807C5000B1340 /* RemoteFeedLoader.swift */ = {isa = PBXFileReference; lastKnownFileType = sourcecode.swift; path = RemoteFeedLoader.swift; sourceTree = "<group>"; };
		45541940267A5AEB000B1340 /* HTTPClient.swift */ = {isa = PBXFileReference; lastKnownFileType = sourcecode.swift; path = HTTPClient.swift; sourceTree = "<group>"; };
		45541948267A5CAD000B1340 /* FeedItemsMapper.swift */ = {isa = PBXFileReference; lastKnownFileType = sourcecode.swift; path = FeedItemsMapper.swift; sourceTree = "<group>"; };
		45541955267A8AA7000B1340 /* URLSessionHTTPClientTests.swift */ = {isa = PBXFileReference; lastKnownFileType = sourcecode.swift; path = URLSessionHTTPClientTests.swift; sourceTree = "<group>"; };
		4554195A267B99F7000B1340 /* XCTestCase+MemoryLeaksTracking.swift */ = {isa = PBXFileReference; lastKnownFileType = sourcecode.swift; path = "XCTestCase+MemoryLeaksTracking.swift"; sourceTree = "<group>"; };
		45541966267D0157000B1340 /* URLSessionHTTPClient.swift */ = {isa = PBXFileReference; lastKnownFileType = sourcecode.swift; path = URLSessionHTTPClient.swift; sourceTree = "<group>"; };
		4554196E267D389A000B1340 /* EssentialFeedAPIEndToEndTests.xctest */ = {isa = PBXFileReference; explicitFileType = wrapper.cfbundle; includeInIndex = 0; path = EssentialFeedAPIEndToEndTests.xctest; sourceTree = BUILT_PRODUCTS_DIR; };
		45541970267D389A000B1340 /* EssentialFeedAPIEndToEndTests.swift */ = {isa = PBXFileReference; lastKnownFileType = sourcecode.swift; path = EssentialFeedAPIEndToEndTests.swift; sourceTree = "<group>"; };
		45541972267D389A000B1340 /* Info.plist */ = {isa = PBXFileReference; lastKnownFileType = text.plist.xml; path = Info.plist; sourceTree = "<group>"; };
		4554198A267ED5E7000B1340 /* CacheFeedUseCaseTests.swift */ = {isa = PBXFileReference; lastKnownFileType = sourcecode.swift; path = CacheFeedUseCaseTests.swift; sourceTree = "<group>"; };
		4554199C267F9262000B1340 /* LocalFeedLoader.swift */ = {isa = PBXFileReference; lastKnownFileType = sourcecode.swift; path = LocalFeedLoader.swift; sourceTree = "<group>"; };
		455419A4267F92F6000B1340 /* FeedStore.swift */ = {isa = PBXFileReference; lastKnownFileType = sourcecode.swift; path = FeedStore.swift; sourceTree = "<group>"; };
		455419A9267F9F5A000B1340 /* RemoteFeedItem.swift */ = {isa = PBXFileReference; lastKnownFileType = sourcecode.swift; path = RemoteFeedItem.swift; sourceTree = "<group>"; };
		455419AE267F9F8C000B1340 /* LocalFeedImage.swift */ = {isa = PBXFileReference; lastKnownFileType = sourcecode.swift; path = LocalFeedImage.swift; sourceTree = "<group>"; };
		455419BF267FA726000B1340 /* LoadFeedFromCacheUseCaseTests.swift */ = {isa = PBXFileReference; lastKnownFileType = sourcecode.swift; path = LoadFeedFromCacheUseCaseTests.swift; sourceTree = "<group>"; };
		455419C5267FA96B000B1340 /* FeedStoreSpy.swift */ = {isa = PBXFileReference; lastKnownFileType = sourcecode.swift; path = FeedStoreSpy.swift; sourceTree = "<group>"; };
		455419D3268164AA000B1340 /* ValidateFeedCacheUseCaseTests.swift */ = {isa = PBXFileReference; lastKnownFileType = sourcecode.swift; path = ValidateFeedCacheUseCaseTests.swift; sourceTree = "<group>"; };
		455419D8268168E7000B1340 /* FeedCacheTestsHelpers.swift */ = {isa = PBXFileReference; lastKnownFileType = sourcecode.swift; path = FeedCacheTestsHelpers.swift; sourceTree = "<group>"; };
		455419DD268169B6000B1340 /* SharedTestHelpers.swift */ = {isa = PBXFileReference; lastKnownFileType = sourcecode.swift; path = SharedTestHelpers.swift; sourceTree = "<group>"; };
		455419E52681783D000B1340 /* FeedCachePolicy.swift */ = {isa = PBXFileReference; lastKnownFileType = sourcecode.swift; path = FeedCachePolicy.swift; sourceTree = "<group>"; };
		45541A002683824B000B1340 /* FeedStoreSpecs.swift */ = {isa = PBXFileReference; lastKnownFileType = sourcecode.swift; path = FeedStoreSpecs.swift; sourceTree = "<group>"; };
		45541A0526838405000B1340 /* XCTestcast+FeedStoreSpecs.swift */ = {isa = PBXFileReference; lastKnownFileType = sourcecode.swift; path = "XCTestcast+FeedStoreSpecs.swift"; sourceTree = "<group>"; };
		45541A0A26838D7F000B1340 /* XCTestcast+FailableRetrieveFeedStoreSpecs.swift */ = {isa = PBXFileReference; lastKnownFileType = sourcecode.swift; path = "XCTestcast+FailableRetrieveFeedStoreSpecs.swift"; sourceTree = "<group>"; };
		45541A1226838E5F000B1340 /* XCTestcase+FailableInsertionFeedStoreSpecs.swift */ = {isa = PBXFileReference; lastKnownFileType = sourcecode.swift; path = "XCTestcase+FailableInsertionFeedStoreSpecs.swift"; sourceTree = "<group>"; };
		45541A1726838F08000B1340 /* XCTestcase+FailableDeleteFeedStoreSpecs.swift */ = {isa = PBXFileReference; lastKnownFileType = sourcecode.swift; path = "XCTestcase+FailableDeleteFeedStoreSpecs.swift"; sourceTree = "<group>"; };
		45541A2326839322000B1340 /* CoreDataStoreTests.swift */ = {isa = PBXFileReference; lastKnownFileType = sourcecode.swift; path = CoreDataStoreTests.swift; sourceTree = "<group>"; };
		45541A592683A948000B1340 /* FeedStore.xcdatamodel */ = {isa = PBXFileReference; lastKnownFileType = wrapper.xcdatamodel; path = FeedStore.xcdatamodel; sourceTree = "<group>"; };
		45541A5E2683AB62000B1340 /* CoreDataFeedStore.swift */ = {isa = PBXFileReference; lastKnownFileType = sourcecode.swift; path = CoreDataFeedStore.swift; sourceTree = "<group>"; };
		45541A6A2683DED6000B1340 /* EssentialFeedCacheIntegrationTests.xctest */ = {isa = PBXFileReference; explicitFileType = wrapper.cfbundle; includeInIndex = 0; path = EssentialFeedCacheIntegrationTests.xctest; sourceTree = BUILT_PRODUCTS_DIR; };
		45541A6C2683DED7000B1340 /* EssentialFeedCacheIntegrationTests.swift */ = {isa = PBXFileReference; lastKnownFileType = sourcecode.swift; path = EssentialFeedCacheIntegrationTests.swift; sourceTree = "<group>"; };
		45541A6E2683DED7000B1340 /* Info.plist */ = {isa = PBXFileReference; lastKnownFileType = text.plist.xml; path = Info.plist; sourceTree = "<group>"; };
		45541B7C26857709000B1340 /* EssentialFeediOS.framework */ = {isa = PBXFileReference; explicitFileType = wrapper.framework; includeInIndex = 0; path = EssentialFeediOS.framework; sourceTree = BUILT_PRODUCTS_DIR; };
		45541B7F26857709000B1340 /* Info.plist */ = {isa = PBXFileReference; lastKnownFileType = text.plist.xml; path = Info.plist; sourceTree = "<group>"; };
		45541B8426857709000B1340 /* EssentialFeediOSTests.xctest */ = {isa = PBXFileReference; explicitFileType = wrapper.cfbundle; includeInIndex = 0; path = EssentialFeediOSTests.xctest; sourceTree = BUILT_PRODUCTS_DIR; };
		45541B8B26857709000B1340 /* Info.plist */ = {isa = PBXFileReference; lastKnownFileType = text.plist.xml; path = Info.plist; sourceTree = "<group>"; };
		45541BB62685B3C6000B1340 /* FeedUIIntegrationTests.swift */ = {isa = PBXFileReference; lastKnownFileType = sourcecode.swift; path = FeedUIIntegrationTests.swift; sourceTree = "<group>"; };
		45541BCF2686EEEE000B1340 /* FeedImageCell.swift */ = {isa = PBXFileReference; lastKnownFileType = sourcecode.swift; path = FeedImageCell.swift; sourceTree = "<group>"; };
		45541BFD2686EFF5000B1340 /* FeedViewController.swift */ = {isa = PBXFileReference; lastKnownFileType = sourcecode.swift; path = FeedViewController.swift; sourceTree = "<group>"; };
		45541C292687E741000B1340 /* UIView+Shimmering.swift */ = {isa = PBXFileReference; lastKnownFileType = sourcecode.swift; path = "UIView+Shimmering.swift"; sourceTree = "<group>"; };
		45541C922688E841000B1340 /* UIImage+TestHelpers.swift */ = {isa = PBXFileReference; lastKnownFileType = sourcecode.swift; path = "UIImage+TestHelpers.swift"; sourceTree = "<group>"; };
		45541C9E2688E8AC000B1340 /* UIRefreshControl+TestHelpers.swift */ = {isa = PBXFileReference; lastKnownFileType = sourcecode.swift; path = "UIRefreshControl+TestHelpers.swift"; sourceTree = "<group>"; };
		45541CA52688E8D9000B1340 /* UIButton+TestHelpers.swift */ = {isa = PBXFileReference; lastKnownFileType = sourcecode.swift; path = "UIButton+TestHelpers.swift"; sourceTree = "<group>"; };
		45541CAC2688E900000B1340 /* UIControl+TestHelpers.swift */ = {isa = PBXFileReference; lastKnownFileType = sourcecode.swift; path = "UIControl+TestHelpers.swift"; sourceTree = "<group>"; };
		45541CC5268A1C1C000B1340 /* FeedImageDataLoader.swift */ = {isa = PBXFileReference; lastKnownFileType = sourcecode.swift; path = FeedImageDataLoader.swift; sourceTree = "<group>"; };
		45541CD3268A2988000B1340 /* FeedImageCellController.swift */ = {isa = PBXFileReference; lastKnownFileType = sourcecode.swift; path = FeedImageCellController.swift; sourceTree = "<group>"; };
		45541CDB268A2E34000B1340 /* FeedUIComposer.swift */ = {isa = PBXFileReference; lastKnownFileType = sourcecode.swift; path = FeedUIComposer.swift; sourceTree = "<group>"; };
		45541D09268A4FB9000B1340 /* FeedImageViewModel.swift */ = {isa = PBXFileReference; lastKnownFileType = sourcecode.swift; path = FeedImageViewModel.swift; sourceTree = "<group>"; };
		45541D35268B69F2000B1340 /* FeedPresenter.swift */ = {isa = PBXFileReference; lastKnownFileType = sourcecode.swift; path = FeedPresenter.swift; sourceTree = "<group>"; };
		45541D52268CF8C0000B1340 /* FeedImagePresenter.swift */ = {isa = PBXFileReference; lastKnownFileType = sourcecode.swift; path = FeedImagePresenter.swift; sourceTree = "<group>"; };
		45541D59268CFF23000B1340 /* FeedLoadingViewModel.swift */ = {isa = PBXFileReference; lastKnownFileType = sourcecode.swift; path = FeedLoadingViewModel.swift; sourceTree = "<group>"; };
		45541D60268CFF5B000B1340 /* FeedViewModel.swift */ = {isa = PBXFileReference; lastKnownFileType = sourcecode.swift; path = FeedViewModel.swift; sourceTree = "<group>"; };
		45541D71268D0599000B1340 /* Feed.storyboard */ = {isa = PBXFileReference; lastKnownFileType = file.storyboard; path = Feed.storyboard; sourceTree = "<group>"; };
		45541D78268D05CE000B1340 /* Feed.xcassets */ = {isa = PBXFileReference; lastKnownFileType = folder.assetcatalog; path = Feed.xcassets; sourceTree = "<group>"; };
		45541D84268D8F18000B1340 /* UITableView+Dequeueing.swift */ = {isa = PBXFileReference; lastKnownFileType = sourcecode.swift; path = "UITableView+Dequeueing.swift"; sourceTree = "<group>"; };
		45541D8B268D8FAD000B1340 /* UIImageView+Animations.swift */ = {isa = PBXFileReference; lastKnownFileType = sourcecode.swift; path = "UIImageView+Animations.swift"; sourceTree = "<group>"; };
		45541DA3268D9622000B1340 /* FeedViewControllerTests+Localization.swift */ = {isa = PBXFileReference; lastKnownFileType = sourcecode.swift; path = "FeedViewControllerTests+Localization.swift"; sourceTree = "<group>"; };
		45541DB0268D97C2000B1340 /* en */ = {isa = PBXFileReference; lastKnownFileType = text.plist.strings; name = en; path = en.lproj/Feed.strings; sourceTree = "<group>"; };
		45541E01268DA818000B1340 /* fr */ = {isa = PBXFileReference; lastKnownFileType = text.plist.strings; name = fr; path = fr.lproj/Feed.strings; sourceTree = "<group>"; };
		45541E07268DA8C4000B1340 /* pt-BR */ = {isa = PBXFileReference; lastKnownFileType = text.plist.strings; name = "pt-BR"; path = "pt-BR.lproj/Feed.strings"; sourceTree = "<group>"; };
		45541E09268DA978000B1340 /* FeedLocalizationTests.swift */ = {isa = PBXFileReference; lastKnownFileType = sourcecode.swift; path = FeedLocalizationTests.swift; sourceTree = "<group>"; };
		45541E24268ED575000B1340 /* MainQueueDispatchDecorator.swift */ = {isa = PBXFileReference; lastKnownFileType = sourcecode.swift; path = MainQueueDispatchDecorator.swift; sourceTree = "<group>"; };
		45541E2B268ED5F8000B1340 /* WeakRefVirtualProxy.swift */ = {isa = PBXFileReference; lastKnownFileType = sourcecode.swift; path = WeakRefVirtualProxy.swift; sourceTree = "<group>"; };
		45541E32268ED650000B1340 /* FeedImageDataLoaderPresentationAdapter.swift */ = {isa = PBXFileReference; lastKnownFileType = sourcecode.swift; path = FeedImageDataLoaderPresentationAdapter.swift; sourceTree = "<group>"; };
/* End PBXFileReference section */

/* Begin PBXFrameworksBuildPhase section */
		455418D52677D398000B1340 /* Frameworks */ = {
			isa = PBXFrameworksBuildPhase;
			buildActionMask = 2147483647;
			files = (
			);
			runOnlyForDeploymentPostprocessing = 0;
		};
		455419172677E915000B1340 /* Frameworks */ = {
			isa = PBXFrameworksBuildPhase;
			buildActionMask = 2147483647;
			files = (
				4554191F2677E915000B1340 /* EssentialFeed.framework in Frameworks */,
			);
			runOnlyForDeploymentPostprocessing = 0;
		};
		4554196B267D389A000B1340 /* Frameworks */ = {
			isa = PBXFrameworksBuildPhase;
			buildActionMask = 2147483647;
			files = (
				45541973267D389A000B1340 /* EssentialFeed.framework in Frameworks */,
			);
			runOnlyForDeploymentPostprocessing = 0;
		};
		45541A672683DED6000B1340 /* Frameworks */ = {
			isa = PBXFrameworksBuildPhase;
			buildActionMask = 2147483647;
			files = (
				45541A6F2683DED7000B1340 /* EssentialFeed.framework in Frameworks */,
			);
			runOnlyForDeploymentPostprocessing = 0;
		};
		45541B7926857709000B1340 /* Frameworks */ = {
			isa = PBXFrameworksBuildPhase;
			buildActionMask = 2147483647;
			files = (
				45541BBF26861708000B1340 /* EssentialFeed.framework in Frameworks */,
			);
			runOnlyForDeploymentPostprocessing = 0;
		};
		45541B8126857709000B1340 /* Frameworks */ = {
			isa = PBXFrameworksBuildPhase;
			buildActionMask = 2147483647;
			files = (
				45541B8526857709000B1340 /* EssentialFeediOS.framework in Frameworks */,
			);
			runOnlyForDeploymentPostprocessing = 0;
		};
/* End PBXFrameworksBuildPhase section */

/* Begin PBXGroup section */
		455418CE2677D398000B1340 = {
			isa = PBXGroup;
			children = (
				455418DA2677D398000B1340 /* EssentialFeed */,
				4554191B2677E915000B1340 /* EssentialFeedTests */,
				4554196F267D389A000B1340 /* EssentialFeedAPIEndToEndTests */,
				45541A6B2683DED7000B1340 /* EssentialFeedCacheIntegrationTests */,
				45541B7D26857709000B1340 /* EssentialFeediOS */,
				45541B8826857709000B1340 /* EssentialFeediOSTests */,
				455418D92677D398000B1340 /* Products */,
				45541BBE26861708000B1340 /* Frameworks */,
			);
			sourceTree = "<group>";
		};
		455418D92677D398000B1340 /* Products */ = {
			isa = PBXGroup;
			children = (
				455418D82677D398000B1340 /* EssentialFeed.framework */,
				4554191A2677E915000B1340 /* EssentialFeedTests.xctest */,
				4554196E267D389A000B1340 /* EssentialFeedAPIEndToEndTests.xctest */,
				45541A6A2683DED6000B1340 /* EssentialFeedCacheIntegrationTests.xctest */,
				45541B7C26857709000B1340 /* EssentialFeediOS.framework */,
				45541B8426857709000B1340 /* EssentialFeediOSTests.xctest */,
			);
			name = Products;
			sourceTree = "<group>";
		};
		455418DA2677D398000B1340 /* EssentialFeed */ = {
			isa = PBXGroup;
			children = (
				455418DB2677D398000B1340 /* EssentialFeed.h */,
				455418DC2677D398000B1340 /* Info.plist */,
				4554199B267F9244000B1340 /* FeedCache */,
				4554192D267807B8000B1340 /* Feed API */,
				455418FC2677D66B000B1340 /* Feed Feature */,
			);
			path = EssentialFeed;
			sourceTree = "<group>";
		};
		455418FC2677D66B000B1340 /* Feed Feature */ = {
			isa = PBXGroup;
			children = (
				455418F42677D3AA000B1340 /* FeedItem.swift */,
				455418F82677D435000B1340 /* FeedLoader.swift */,
			);
			path = "Feed Feature";
			sourceTree = "<group>";
		};
		4554191B2677E915000B1340 /* EssentialFeedTests */ = {
			isa = PBXGroup;
			children = (
				4554191E2677E915000B1340 /* Info.plist */,
				45541959267B99DE000B1340 /* Helpers */,
				4554194E267A7BE3000B1340 /* Feed API */,
				45541989267ED5A3000B1340 /* Feed Cache */,
			);
			path = EssentialFeedTests;
			sourceTree = "<group>";
		};
		4554192D267807B8000B1340 /* Feed API */ = {
			isa = PBXGroup;
			children = (
				4554192E267807C5000B1340 /* RemoteFeedLoader.swift */,
				45541948267A5CAD000B1340 /* FeedItemsMapper.swift */,
				45541940267A5AEB000B1340 /* HTTPClient.swift */,
				45541966267D0157000B1340 /* URLSessionHTTPClient.swift */,
				455419A9267F9F5A000B1340 /* RemoteFeedItem.swift */,
			);
			path = "Feed API";
			sourceTree = "<group>";
		};
		4554194E267A7BE3000B1340 /* Feed API */ = {
			isa = PBXGroup;
			children = (
				455419292677EB40000B1340 /* LoadFeedFromRemoteUseCaseTests.swift */,
				45541955267A8AA7000B1340 /* URLSessionHTTPClientTests.swift */,
			);
			path = "Feed API";
			sourceTree = "<group>";
		};
		45541959267B99DE000B1340 /* Helpers */ = {
			isa = PBXGroup;
			children = (
				4554195A267B99F7000B1340 /* XCTestCase+MemoryLeaksTracking.swift */,
				455419DD268169B6000B1340 /* SharedTestHelpers.swift */,
			);
			path = Helpers;
			sourceTree = "<group>";
		};
		4554196F267D389A000B1340 /* EssentialFeedAPIEndToEndTests */ = {
			isa = PBXGroup;
			children = (
				45541970267D389A000B1340 /* EssentialFeedAPIEndToEndTests.swift */,
				45541972267D389A000B1340 /* Info.plist */,
			);
			path = EssentialFeedAPIEndToEndTests;
			sourceTree = "<group>";
		};
		45541989267ED5A3000B1340 /* Feed Cache */ = {
			isa = PBXGroup;
			children = (
				455419C4267FA95F000B1340 /* Helpers */,
				45541A1F26838FA9000B1340 /* FeedStoreSpecs */,
				4554198A267ED5E7000B1340 /* CacheFeedUseCaseTests.swift */,
				455419BF267FA726000B1340 /* LoadFeedFromCacheUseCaseTests.swift */,
				455419D3268164AA000B1340 /* ValidateFeedCacheUseCaseTests.swift */,
				45541A2326839322000B1340 /* CoreDataStoreTests.swift */,
			);
			path = "Feed Cache";
			sourceTree = "<group>";
		};
		4554199B267F9244000B1340 /* FeedCache */ = {
			isa = PBXGroup;
			children = (
				4554199C267F9262000B1340 /* LocalFeedLoader.swift */,
				455419A4267F92F6000B1340 /* FeedStore.swift */,
				455419AE267F9F8C000B1340 /* LocalFeedImage.swift */,
				455419E52681783D000B1340 /* FeedCachePolicy.swift */,
				45541A582683A948000B1340 /* FeedStore.xcdatamodeld */,
				45541A5E2683AB62000B1340 /* CoreDataFeedStore.swift */,
			);
			path = FeedCache;
			sourceTree = "<group>";
		};
		455419C4267FA95F000B1340 /* Helpers */ = {
			isa = PBXGroup;
			children = (
				455419C5267FA96B000B1340 /* FeedStoreSpy.swift */,
				455419D8268168E7000B1340 /* FeedCacheTestsHelpers.swift */,
			);
			path = Helpers;
			sourceTree = "<group>";
		};
		45541A1F26838FA9000B1340 /* FeedStoreSpecs */ = {
			isa = PBXGroup;
			children = (
				45541A002683824B000B1340 /* FeedStoreSpecs.swift */,
				45541A0526838405000B1340 /* XCTestcast+FeedStoreSpecs.swift */,
				45541A0A26838D7F000B1340 /* XCTestcast+FailableRetrieveFeedStoreSpecs.swift */,
				45541A1226838E5F000B1340 /* XCTestcase+FailableInsertionFeedStoreSpecs.swift */,
				45541A1726838F08000B1340 /* XCTestcase+FailableDeleteFeedStoreSpecs.swift */,
			);
			path = FeedStoreSpecs;
			sourceTree = "<group>";
		};
		45541A6B2683DED7000B1340 /* EssentialFeedCacheIntegrationTests */ = {
			isa = PBXGroup;
			children = (
				45541A6C2683DED7000B1340 /* EssentialFeedCacheIntegrationTests.swift */,
				45541A6E2683DED7000B1340 /* Info.plist */,
			);
			path = EssentialFeedCacheIntegrationTests;
			sourceTree = "<group>";
		};
		45541B7D26857709000B1340 /* EssentialFeediOS */ = {
			isa = PBXGroup;
			children = (
				45541CC4268A1C09000B1340 /* Feed Image Loader */,
				45541B7F26857709000B1340 /* Info.plist */,
				45541CFC268A3A2F000B1340 /* Feed Presentation */,
				45541CB3268A1773000B1340 /* Feed UI */,
			);
			path = EssentialFeediOS;
			sourceTree = "<group>";
		};
		45541B8826857709000B1340 /* EssentialFeediOSTests */ = {
			isa = PBXGroup;
			children = (
				45541E08268DA95B000B1340 /* Feed Presentation */,
				45541B8B26857709000B1340 /* Info.plist */,
				45541CC1268A1894000B1340 /* Feed UI */,
			);
			path = EssentialFeediOSTests;
			sourceTree = "<group>";
		};
		45541BBE26861708000B1340 /* Frameworks */ = {
			isa = PBXGroup;
			children = (
			);
			name = Frameworks;
			sourceTree = "<group>";
		};
		45541CB3268A1773000B1340 /* Feed UI */ = {
			isa = PBXGroup;
			children = (
				45541CDA268A2E29000B1340 /* Composers */,
				45541CB4268A1777000B1340 /* Controllers */,
				45541CBA268A179C000B1340 /* Views */,
			);
			path = "Feed UI";
			sourceTree = "<group>";
		};
		45541CB4268A1777000B1340 /* Controllers */ = {
			isa = PBXGroup;
			children = (
				45541BFD2686EFF5000B1340 /* FeedViewController.swift */,
				45541CD3268A2988000B1340 /* FeedImageCellController.swift */,
			);
			path = Controllers;
			sourceTree = "<group>";
		};
		45541CBA268A179C000B1340 /* Views */ = {
			isa = PBXGroup;
			children = (
				45541BCF2686EEEE000B1340 /* FeedImageCell.swift */,
				45541C292687E741000B1340 /* UIView+Shimmering.swift */,
				45541D71268D0599000B1340 /* Feed.storyboard */,
				45541D78268D05CE000B1340 /* Feed.xcassets */,
				45541D84268D8F18000B1340 /* UITableView+Dequeueing.swift */,
				45541D8B268D8FAD000B1340 /* UIImageView+Animations.swift */,
			);
			path = Views;
			sourceTree = "<group>";
		};
		45541CC1268A1894000B1340 /* Feed UI */ = {
			isa = PBXGroup;
			children = (
				45541CC2268A1894000B1340 /* Controllers */,
			);
			path = "Feed UI";
			sourceTree = "<group>";
		};
		45541CC2268A1894000B1340 /* Controllers */ = {
			isa = PBXGroup;
			children = (
				45541BB62685B3C6000B1340 /* FeedUIIntegrationTests.swift */,
				45541CC3268A1894000B1340 /* Helpers */,
			);
			path = Controllers;
			sourceTree = "<group>";
		};
		45541CC3268A1894000B1340 /* Helpers */ = {
			isa = PBXGroup;
			children = (
				45541C922688E841000B1340 /* UIImage+TestHelpers.swift */,
				45541C9E2688E8AC000B1340 /* UIRefreshControl+TestHelpers.swift */,
				45541CA52688E8D9000B1340 /* UIButton+TestHelpers.swift */,
				45541CAC2688E900000B1340 /* UIControl+TestHelpers.swift */,
				45541DA3268D9622000B1340 /* FeedViewControllerTests+Localization.swift */,
			);
			path = Helpers;
			sourceTree = "<group>";
		};
		45541CC4268A1C09000B1340 /* Feed Image Loader */ = {
			isa = PBXGroup;
			children = (
				45541CC5268A1C1C000B1340 /* FeedImageDataLoader.swift */,
			);
			path = "Feed Image Loader";
			sourceTree = "<group>";
		};
		45541CDA268A2E29000B1340 /* Composers */ = {
			isa = PBXGroup;
			children = (
				45541CDB268A2E34000B1340 /* FeedUIComposer.swift */,
				45541E24268ED575000B1340 /* MainQueueDispatchDecorator.swift */,
				45541E2B268ED5F8000B1340 /* WeakRefVirtualProxy.swift */,
				45541E32268ED650000B1340 /* FeedImageDataLoaderPresentationAdapter.swift */,
			);
			path = Composers;
			sourceTree = "<group>";
		};
		45541CFC268A3A2F000B1340 /* Feed Presentation */ = {
			isa = PBXGroup;
			children = (
				45541D09268A4FB9000B1340 /* FeedImageViewModel.swift */,
				45541D35268B69F2000B1340 /* FeedPresenter.swift */,
				45541D52268CF8C0000B1340 /* FeedImagePresenter.swift */,
				45541D59268CFF23000B1340 /* FeedLoadingViewModel.swift */,
				45541D60268CFF5B000B1340 /* FeedViewModel.swift */,
				45541DB1268D97C2000B1340 /* Feed.strings */,
			);
			path = "Feed Presentation";
			sourceTree = "<group>";
		};
		45541E08268DA95B000B1340 /* Feed Presentation */ = {
			isa = PBXGroup;
			children = (
				45541E09268DA978000B1340 /* FeedLocalizationTests.swift */,
			);
			path = "Feed Presentation";
			sourceTree = "<group>";
		};
/* End PBXGroup section */

/* Begin PBXHeadersBuildPhase section */
		455418D32677D398000B1340 /* Headers */ = {
			isa = PBXHeadersBuildPhase;
			buildActionMask = 2147483647;
			files = (
				455418E92677D398000B1340 /* EssentialFeed.h in Headers */,
			);
			runOnlyForDeploymentPostprocessing = 0;
		};
		45541B7726857709000B1340 /* Headers */ = {
			isa = PBXHeadersBuildPhase;
			buildActionMask = 2147483647;
			files = (
			);
			runOnlyForDeploymentPostprocessing = 0;
		};
/* End PBXHeadersBuildPhase section */

/* Begin PBXNativeTarget section */
		455418D72677D398000B1340 /* EssentialFeed */ = {
			isa = PBXNativeTarget;
			buildConfigurationList = 455418EC2677D398000B1340 /* Build configuration list for PBXNativeTarget "EssentialFeed" */;
			buildPhases = (
				455418D32677D398000B1340 /* Headers */,
				455418D42677D398000B1340 /* Sources */,
				455418D52677D398000B1340 /* Frameworks */,
				455418D62677D398000B1340 /* Resources */,
			);
			buildRules = (
			);
			dependencies = (
			);
			name = EssentialFeed;
			productName = EssentialFeed;
			productReference = 455418D82677D398000B1340 /* EssentialFeed.framework */;
			productType = "com.apple.product-type.framework";
		};
		455419192677E915000B1340 /* EssentialFeedTests */ = {
			isa = PBXNativeTarget;
			buildConfigurationList = 455419222677E915000B1340 /* Build configuration list for PBXNativeTarget "EssentialFeedTests" */;
			buildPhases = (
				455419162677E915000B1340 /* Sources */,
				455419172677E915000B1340 /* Frameworks */,
				455419182677E915000B1340 /* Resources */,
			);
			buildRules = (
			);
			dependencies = (
				455419212677E915000B1340 /* PBXTargetDependency */,
			);
			name = EssentialFeedTests;
			productName = EssentialFeedTests;
			productReference = 4554191A2677E915000B1340 /* EssentialFeedTests.xctest */;
			productType = "com.apple.product-type.bundle.unit-test";
		};
		4554196D267D389A000B1340 /* EssentialFeedAPIEndToEndTests */ = {
			isa = PBXNativeTarget;
			buildConfigurationList = 45541976267D389A000B1340 /* Build configuration list for PBXNativeTarget "EssentialFeedAPIEndToEndTests" */;
			buildPhases = (
				4554196A267D389A000B1340 /* Sources */,
				4554196B267D389A000B1340 /* Frameworks */,
				4554196C267D389A000B1340 /* Resources */,
			);
			buildRules = (
			);
			dependencies = (
				45541975267D389A000B1340 /* PBXTargetDependency */,
			);
			name = EssentialFeedAPIEndToEndTests;
			productName = EssentialFeedAPIEndToEndTests;
			productReference = 4554196E267D389A000B1340 /* EssentialFeedAPIEndToEndTests.xctest */;
			productType = "com.apple.product-type.bundle.unit-test";
		};
		45541A692683DED6000B1340 /* EssentialFeedCacheIntegrationTests */ = {
			isa = PBXNativeTarget;
			buildConfigurationList = 45541A722683DED7000B1340 /* Build configuration list for PBXNativeTarget "EssentialFeedCacheIntegrationTests" */;
			buildPhases = (
				45541A662683DED6000B1340 /* Sources */,
				45541A672683DED6000B1340 /* Frameworks */,
				45541A682683DED6000B1340 /* Resources */,
			);
			buildRules = (
			);
			dependencies = (
				45541A712683DED7000B1340 /* PBXTargetDependency */,
			);
			name = EssentialFeedCacheIntegrationTests;
			productName = EssentialFeedCacheIntegrationTests;
			productReference = 45541A6A2683DED6000B1340 /* EssentialFeedCacheIntegrationTests.xctest */;
			productType = "com.apple.product-type.bundle.unit-test";
		};
		45541B7B26857709000B1340 /* EssentialFeediOS */ = {
			isa = PBXNativeTarget;
			buildConfigurationList = 45541B8D26857709000B1340 /* Build configuration list for PBXNativeTarget "EssentialFeediOS" */;
			buildPhases = (
				45541B7726857709000B1340 /* Headers */,
				45541B7826857709000B1340 /* Sources */,
				45541B7926857709000B1340 /* Frameworks */,
				45541B7A26857709000B1340 /* Resources */,
				45541BC326861708000B1340 /* Embed Frameworks */,
			);
			buildRules = (
			);
			dependencies = (
				45541BC226861708000B1340 /* PBXTargetDependency */,
			);
			name = EssentialFeediOS;
			productName = EssentialFeediOS;
			productReference = 45541B7C26857709000B1340 /* EssentialFeediOS.framework */;
			productType = "com.apple.product-type.framework";
		};
		45541B8326857709000B1340 /* EssentialFeediOSTests */ = {
			isa = PBXNativeTarget;
			buildConfigurationList = 45541B9026857709000B1340 /* Build configuration list for PBXNativeTarget "EssentialFeediOSTests" */;
			buildPhases = (
				45541B8026857709000B1340 /* Sources */,
				45541B8126857709000B1340 /* Frameworks */,
				45541B8226857709000B1340 /* Resources */,
			);
			buildRules = (
			);
			dependencies = (
				45541B8726857709000B1340 /* PBXTargetDependency */,
			);
			name = EssentialFeediOSTests;
			productName = EssentialFeediOSTests;
			productReference = 45541B8426857709000B1340 /* EssentialFeediOSTests.xctest */;
			productType = "com.apple.product-type.bundle.unit-test";
		};
/* End PBXNativeTarget section */

/* Begin PBXProject section */
		455418CF2677D398000B1340 /* Project object */ = {
			isa = PBXProject;
			attributes = {
				LastSwiftUpdateCheck = 1240;
				LastUpgradeCheck = 1240;
				TargetAttributes = {
					455418D72677D398000B1340 = {
						CreatedOnToolsVersion = 12.4;
						LastSwiftMigration = 1240;
					};
					455419192677E915000B1340 = {
						CreatedOnToolsVersion = 12.4;
						LastSwiftMigration = 1240;
					};
					4554196D267D389A000B1340 = {
						CreatedOnToolsVersion = 12.4;
					};
					45541A692683DED6000B1340 = {
						CreatedOnToolsVersion = 12.4;
					};
					45541B7B26857709000B1340 = {
						CreatedOnToolsVersion = 12.4;
					};
					45541B8326857709000B1340 = {
						CreatedOnToolsVersion = 12.4;
						LastSwiftMigration = 1240;
					};
				};
			};
			buildConfigurationList = 455418D22677D398000B1340 /* Build configuration list for PBXProject "EssentialFeed" */;
			compatibilityVersion = "Xcode 9.3";
			developmentRegion = en;
			hasScannedForEncodings = 0;
			knownRegions = (
				en,
				Base,
				fr,
				"pt-BR",
			);
			mainGroup = 455418CE2677D398000B1340;
			productRefGroup = 455418D92677D398000B1340 /* Products */;
			projectDirPath = "";
			projectRoot = "";
			targets = (
				455418D72677D398000B1340 /* EssentialFeed */,
				455419192677E915000B1340 /* EssentialFeedTests */,
				4554196D267D389A000B1340 /* EssentialFeedAPIEndToEndTests */,
				45541A692683DED6000B1340 /* EssentialFeedCacheIntegrationTests */,
				45541B7B26857709000B1340 /* EssentialFeediOS */,
				45541B8326857709000B1340 /* EssentialFeediOSTests */,
			);
		};
/* End PBXProject section */

/* Begin PBXResourcesBuildPhase section */
		455418D62677D398000B1340 /* Resources */ = {
			isa = PBXResourcesBuildPhase;
			buildActionMask = 2147483647;
			files = (
			);
			runOnlyForDeploymentPostprocessing = 0;
		};
		455419182677E915000B1340 /* Resources */ = {
			isa = PBXResourcesBuildPhase;
			buildActionMask = 2147483647;
			files = (
			);
			runOnlyForDeploymentPostprocessing = 0;
		};
		4554196C267D389A000B1340 /* Resources */ = {
			isa = PBXResourcesBuildPhase;
			buildActionMask = 2147483647;
			files = (
			);
			runOnlyForDeploymentPostprocessing = 0;
		};
		45541A682683DED6000B1340 /* Resources */ = {
			isa = PBXResourcesBuildPhase;
			buildActionMask = 2147483647;
			files = (
			);
			runOnlyForDeploymentPostprocessing = 0;
		};
		45541B7A26857709000B1340 /* Resources */ = {
			isa = PBXResourcesBuildPhase;
			buildActionMask = 2147483647;
			files = (
				45541D72268D059A000B1340 /* Feed.storyboard in Resources */,
				45541D79268D05CE000B1340 /* Feed.xcassets in Resources */,
				45541DAF268D97C2000B1340 /* Feed.strings in Resources */,
			);
			runOnlyForDeploymentPostprocessing = 0;
		};
		45541B8226857709000B1340 /* Resources */ = {
			isa = PBXResourcesBuildPhase;
			buildActionMask = 2147483647;
			files = (
			);
			runOnlyForDeploymentPostprocessing = 0;
		};
/* End PBXResourcesBuildPhase section */

/* Begin PBXSourcesBuildPhase section */
		455418D42677D398000B1340 /* Sources */ = {
			isa = PBXSourcesBuildPhase;
			buildActionMask = 2147483647;
			files = (
				45541A5A2683A948000B1340 /* FeedStore.xcdatamodeld in Sources */,
				45541949267A5CAD000B1340 /* FeedItemsMapper.swift in Sources */,
				455418F92677D435000B1340 /* FeedLoader.swift in Sources */,
				455419AA267F9F5A000B1340 /* RemoteFeedItem.swift in Sources */,
				455419E62681783D000B1340 /* FeedCachePolicy.swift in Sources */,
				4554192F267807C5000B1340 /* RemoteFeedLoader.swift in Sources */,
				45541A5F2683AB62000B1340 /* CoreDataFeedStore.swift in Sources */,
				455419AF267F9F8C000B1340 /* LocalFeedImage.swift in Sources */,
				455419A5267F92F6000B1340 /* FeedStore.swift in Sources */,
				4554199D267F9262000B1340 /* LocalFeedLoader.swift in Sources */,
				45541941267A5AEB000B1340 /* HTTPClient.swift in Sources */,
				455418F52677D3AA000B1340 /* FeedItem.swift in Sources */,
				45541967267D0157000B1340 /* URLSessionHTTPClient.swift in Sources */,
			);
			runOnlyForDeploymentPostprocessing = 0;
		};
		455419162677E915000B1340 /* Sources */ = {
			isa = PBXSourcesBuildPhase;
			buildActionMask = 2147483647;
			files = (
				45541A1326838E5F000B1340 /* XCTestcase+FailableInsertionFeedStoreSpecs.swift in Sources */,
				455419D4268164AB000B1340 /* ValidateFeedCacheUseCaseTests.swift in Sources */,
				4554192A2677EB40000B1340 /* LoadFeedFromRemoteUseCaseTests.swift in Sources */,
				4554195B267B99F7000B1340 /* XCTestCase+MemoryLeaksTracking.swift in Sources */,
				455419C6267FA96B000B1340 /* FeedStoreSpy.swift in Sources */,
				45541A2426839322000B1340 /* CoreDataStoreTests.swift in Sources */,
				455419D9268168E7000B1340 /* FeedCacheTestsHelpers.swift in Sources */,
				45541A0626838405000B1340 /* XCTestcast+FeedStoreSpecs.swift in Sources */,
				455419DE268169B6000B1340 /* SharedTestHelpers.swift in Sources */,
				45541A1826838F08000B1340 /* XCTestcase+FailableDeleteFeedStoreSpecs.swift in Sources */,
				4554198B267ED5E7000B1340 /* CacheFeedUseCaseTests.swift in Sources */,
				455419C0267FA726000B1340 /* LoadFeedFromCacheUseCaseTests.swift in Sources */,
				45541A012683824B000B1340 /* FeedStoreSpecs.swift in Sources */,
				45541956267A8AA7000B1340 /* URLSessionHTTPClientTests.swift in Sources */,
				45541A0B26838D7F000B1340 /* XCTestcast+FailableRetrieveFeedStoreSpecs.swift in Sources */,
			);
			runOnlyForDeploymentPostprocessing = 0;
		};
		4554196A267D389A000B1340 /* Sources */ = {
			isa = PBXSourcesBuildPhase;
			buildActionMask = 2147483647;
			files = (
				45541971267D389A000B1340 /* EssentialFeedAPIEndToEndTests.swift in Sources */,
				4554197C267D3D17000B1340 /* XCTestCase+MemoryLeaksTracking.swift in Sources */,
			);
			runOnlyForDeploymentPostprocessing = 0;
		};
		45541A662683DED6000B1340 /* Sources */ = {
			isa = PBXSourcesBuildPhase;
			buildActionMask = 2147483647;
			files = (
				45541A832683EA69000B1340 /* SharedTestHelpers.swift in Sources */,
				45541A6D2683DED7000B1340 /* EssentialFeedCacheIntegrationTests.swift in Sources */,
				45541A792683E31C000B1340 /* XCTestCase+MemoryLeaksTracking.swift in Sources */,
				45541A7E2683EA54000B1340 /* FeedCacheTestsHelpers.swift in Sources */,
			);
			runOnlyForDeploymentPostprocessing = 0;
		};
		45541B7826857709000B1340 /* Sources */ = {
			isa = PBXSourcesBuildPhase;
			buildActionMask = 2147483647;
			files = (
				45541CC6268A1C1C000B1340 /* FeedImageDataLoader.swift in Sources */,
				45541D36268B69F2000B1340 /* FeedPresenter.swift in Sources */,
				45541D61268CFF5B000B1340 /* FeedViewModel.swift in Sources */,
				45541D85268D8F18000B1340 /* UITableView+Dequeueing.swift in Sources */,
				45541D5A268CFF23000B1340 /* FeedLoadingViewModel.swift in Sources */,
				45541C2A2687E741000B1340 /* UIView+Shimmering.swift in Sources */,
				45541D53268CF8C0000B1340 /* FeedImagePresenter.swift in Sources */,
				45541E2C268ED5F8000B1340 /* WeakRefVirtualProxy.swift in Sources */,
				45541D8C268D8FAD000B1340 /* UIImageView+Animations.swift in Sources */,
				45541E25268ED575000B1340 /* MainQueueDispatchDecorator.swift in Sources */,
				45541BFE2686EFF5000B1340 /* FeedViewController.swift in Sources */,
				45541BF72686EFD6000B1340 /* FeedImageCell.swift in Sources */,
				45541E33268ED651000B1340 /* FeedImageDataLoaderPresentationAdapter.swift in Sources */,
				45541D0A268A4FB9000B1340 /* FeedImageViewModel.swift in Sources */,
				45541CD4268A2988000B1340 /* FeedImageCellController.swift in Sources */,
				45541CDC268A2E34000B1340 /* FeedUIComposer.swift in Sources */,
			);
			runOnlyForDeploymentPostprocessing = 0;
		};
		45541B8026857709000B1340 /* Sources */ = {
			isa = PBXSourcesBuildPhase;
			buildActionMask = 2147483647;
			files = (
				45541DA4268D9622000B1340 /* FeedViewControllerTests+Localization.swift in Sources */,
				45541BB72685B3C6000B1340 /* FeedUIIntegrationTests.swift in Sources */,
				45541CA62688E8D9000B1340 /* UIButton+TestHelpers.swift in Sources */,
				45541C9F2688E8AC000B1340 /* UIRefreshControl+TestHelpers.swift in Sources */,
				45541CAD2688E900000B1340 /* UIControl+TestHelpers.swift in Sources */,
				45541BC92686185E000B1340 /* XCTestCase+MemoryLeaksTracking.swift in Sources */,
				45541E0A268DA978000B1340 /* FeedLocalizationTests.swift in Sources */,
				45541C932688E841000B1340 /* UIImage+TestHelpers.swift in Sources */,
			);
			runOnlyForDeploymentPostprocessing = 0;
		};
/* End PBXSourcesBuildPhase section */

/* Begin PBXTargetDependency section */
		455419212677E915000B1340 /* PBXTargetDependency */ = {
			isa = PBXTargetDependency;
			target = 455418D72677D398000B1340 /* EssentialFeed */;
			targetProxy = 455419202677E915000B1340 /* PBXContainerItemProxy */;
		};
		45541975267D389A000B1340 /* PBXTargetDependency */ = {
			isa = PBXTargetDependency;
			target = 455418D72677D398000B1340 /* EssentialFeed */;
			targetProxy = 45541974267D389A000B1340 /* PBXContainerItemProxy */;
		};
		45541A712683DED7000B1340 /* PBXTargetDependency */ = {
			isa = PBXTargetDependency;
			target = 455418D72677D398000B1340 /* EssentialFeed */;
			targetProxy = 45541A702683DED7000B1340 /* PBXContainerItemProxy */;
		};
		45541B8726857709000B1340 /* PBXTargetDependency */ = {
			isa = PBXTargetDependency;
			target = 45541B7B26857709000B1340 /* EssentialFeediOS */;
			targetProxy = 45541B8626857709000B1340 /* PBXContainerItemProxy */;
		};
		45541BC226861708000B1340 /* PBXTargetDependency */ = {
			isa = PBXTargetDependency;
			platformFilter = ios;
			target = 455418D72677D398000B1340 /* EssentialFeed */;
			targetProxy = 45541BC126861708000B1340 /* PBXContainerItemProxy */;
		};
/* End PBXTargetDependency section */

/* Begin PBXVariantGroup section */
		45541DB1268D97C2000B1340 /* Feed.strings */ = {
			isa = PBXVariantGroup;
			children = (
				45541DB0268D97C2000B1340 /* en */,
				45541E01268DA818000B1340 /* fr */,
				45541E07268DA8C4000B1340 /* pt-BR */,
			);
			name = Feed.strings;
			sourceTree = "<group>";
		};
/* End PBXVariantGroup section */

/* Begin XCBuildConfiguration section */
		455418EA2677D398000B1340 /* Debug */ = {
			isa = XCBuildConfiguration;
			buildSettings = {
				ALWAYS_SEARCH_USER_PATHS = NO;
				CLANG_ANALYZER_LOCALIZABILITY_NONLOCALIZED = YES;
				CLANG_ANALYZER_NONNULL = YES;
				CLANG_ANALYZER_NUMBER_OBJECT_CONVERSION = YES_AGGRESSIVE;
				CLANG_CXX_LANGUAGE_STANDARD = "gnu++14";
				CLANG_CXX_LIBRARY = "libc++";
				CLANG_ENABLE_MODULES = YES;
				CLANG_ENABLE_OBJC_ARC = YES;
				CLANG_ENABLE_OBJC_WEAK = YES;
				CLANG_WARN_BLOCK_CAPTURE_AUTORELEASING = YES;
				CLANG_WARN_BOOL_CONVERSION = YES;
				CLANG_WARN_COMMA = YES;
				CLANG_WARN_CONSTANT_CONVERSION = YES;
				CLANG_WARN_DEPRECATED_OBJC_IMPLEMENTATIONS = YES;
				CLANG_WARN_DIRECT_OBJC_ISA_USAGE = YES_ERROR;
				CLANG_WARN_DOCUMENTATION_COMMENTS = YES;
				CLANG_WARN_EMPTY_BODY = YES;
				CLANG_WARN_ENUM_CONVERSION = YES;
				CLANG_WARN_INFINITE_RECURSION = YES;
				CLANG_WARN_INT_CONVERSION = YES;
				CLANG_WARN_NON_LITERAL_NULL_CONVERSION = YES;
				CLANG_WARN_OBJC_IMPLICIT_RETAIN_SELF = YES;
				CLANG_WARN_OBJC_LITERAL_CONVERSION = YES;
				CLANG_WARN_OBJC_ROOT_CLASS = YES_ERROR;
				CLANG_WARN_QUOTED_INCLUDE_IN_FRAMEWORK_HEADER = YES;
				CLANG_WARN_RANGE_LOOP_ANALYSIS = YES;
				CLANG_WARN_STRICT_PROTOTYPES = YES;
				CLANG_WARN_SUSPICIOUS_MOVE = YES;
				CLANG_WARN_UNGUARDED_AVAILABILITY = YES_AGGRESSIVE;
				CLANG_WARN_UNREACHABLE_CODE = YES;
				CLANG_WARN__DUPLICATE_METHOD_MATCH = YES;
				COPY_PHASE_STRIP = NO;
				CURRENT_PROJECT_VERSION = 1;
				DEBUG_INFORMATION_FORMAT = dwarf;
				ENABLE_STRICT_OBJC_MSGSEND = YES;
				ENABLE_TESTABILITY = YES;
				GCC_C_LANGUAGE_STANDARD = gnu11;
				GCC_DYNAMIC_NO_PIC = NO;
				GCC_NO_COMMON_BLOCKS = YES;
				GCC_OPTIMIZATION_LEVEL = 0;
				GCC_PREPROCESSOR_DEFINITIONS = (
					"DEBUG=1",
					"$(inherited)",
				);
				GCC_WARN_64_TO_32_BIT_CONVERSION = YES;
				GCC_WARN_ABOUT_RETURN_TYPE = YES_ERROR;
				GCC_WARN_UNDECLARED_SELECTOR = YES;
				GCC_WARN_UNINITIALIZED_AUTOS = YES_AGGRESSIVE;
				GCC_WARN_UNUSED_FUNCTION = YES;
				GCC_WARN_UNUSED_VARIABLE = YES;
				MACOSX_DEPLOYMENT_TARGET = 10.15;
				MTL_ENABLE_DEBUG_INFO = INCLUDE_SOURCE;
				MTL_FAST_MATH = YES;
				ONLY_ACTIVE_ARCH = YES;
				SDKROOT = macosx;
				SWIFT_ACTIVE_COMPILATION_CONDITIONS = DEBUG;
				SWIFT_OPTIMIZATION_LEVEL = "-Onone";
				VERSIONING_SYSTEM = "apple-generic";
				VERSION_INFO_PREFIX = "";
			};
			name = Debug;
		};
		455418EB2677D398000B1340 /* Release */ = {
			isa = XCBuildConfiguration;
			buildSettings = {
				ALWAYS_SEARCH_USER_PATHS = NO;
				CLANG_ANALYZER_LOCALIZABILITY_NONLOCALIZED = YES;
				CLANG_ANALYZER_NONNULL = YES;
				CLANG_ANALYZER_NUMBER_OBJECT_CONVERSION = YES_AGGRESSIVE;
				CLANG_CXX_LANGUAGE_STANDARD = "gnu++14";
				CLANG_CXX_LIBRARY = "libc++";
				CLANG_ENABLE_MODULES = YES;
				CLANG_ENABLE_OBJC_ARC = YES;
				CLANG_ENABLE_OBJC_WEAK = YES;
				CLANG_WARN_BLOCK_CAPTURE_AUTORELEASING = YES;
				CLANG_WARN_BOOL_CONVERSION = YES;
				CLANG_WARN_COMMA = YES;
				CLANG_WARN_CONSTANT_CONVERSION = YES;
				CLANG_WARN_DEPRECATED_OBJC_IMPLEMENTATIONS = YES;
				CLANG_WARN_DIRECT_OBJC_ISA_USAGE = YES_ERROR;
				CLANG_WARN_DOCUMENTATION_COMMENTS = YES;
				CLANG_WARN_EMPTY_BODY = YES;
				CLANG_WARN_ENUM_CONVERSION = YES;
				CLANG_WARN_INFINITE_RECURSION = YES;
				CLANG_WARN_INT_CONVERSION = YES;
				CLANG_WARN_NON_LITERAL_NULL_CONVERSION = YES;
				CLANG_WARN_OBJC_IMPLICIT_RETAIN_SELF = YES;
				CLANG_WARN_OBJC_LITERAL_CONVERSION = YES;
				CLANG_WARN_OBJC_ROOT_CLASS = YES_ERROR;
				CLANG_WARN_QUOTED_INCLUDE_IN_FRAMEWORK_HEADER = YES;
				CLANG_WARN_RANGE_LOOP_ANALYSIS = YES;
				CLANG_WARN_STRICT_PROTOTYPES = YES;
				CLANG_WARN_SUSPICIOUS_MOVE = YES;
				CLANG_WARN_UNGUARDED_AVAILABILITY = YES_AGGRESSIVE;
				CLANG_WARN_UNREACHABLE_CODE = YES;
				CLANG_WARN__DUPLICATE_METHOD_MATCH = YES;
				COPY_PHASE_STRIP = NO;
				CURRENT_PROJECT_VERSION = 1;
				DEBUG_INFORMATION_FORMAT = "dwarf-with-dsym";
				ENABLE_NS_ASSERTIONS = NO;
				ENABLE_STRICT_OBJC_MSGSEND = YES;
				GCC_C_LANGUAGE_STANDARD = gnu11;
				GCC_NO_COMMON_BLOCKS = YES;
				GCC_WARN_64_TO_32_BIT_CONVERSION = YES;
				GCC_WARN_ABOUT_RETURN_TYPE = YES_ERROR;
				GCC_WARN_UNDECLARED_SELECTOR = YES;
				GCC_WARN_UNINITIALIZED_AUTOS = YES_AGGRESSIVE;
				GCC_WARN_UNUSED_FUNCTION = YES;
				GCC_WARN_UNUSED_VARIABLE = YES;
				MACOSX_DEPLOYMENT_TARGET = 10.15;
				MTL_ENABLE_DEBUG_INFO = NO;
				MTL_FAST_MATH = YES;
				SDKROOT = macosx;
				SWIFT_COMPILATION_MODE = wholemodule;
				SWIFT_OPTIMIZATION_LEVEL = "-O";
				VERSIONING_SYSTEM = "apple-generic";
				VERSION_INFO_PREFIX = "";
			};
			name = Release;
		};
		455418ED2677D398000B1340 /* Debug */ = {
			isa = XCBuildConfiguration;
			buildSettings = {
				CLANG_ENABLE_MODULES = YES;
				CODE_SIGN_STYLE = Automatic;
				COMBINE_HIDPI_IMAGES = YES;
				DEFINES_MODULE = YES;
				DEVELOPMENT_TEAM = 7XGX6TD7GL;
				DYLIB_COMPATIBILITY_VERSION = 1;
				DYLIB_CURRENT_VERSION = 1;
				DYLIB_INSTALL_NAME_BASE = "@rpath";
				INFOPLIST_FILE = EssentialFeed/Info.plist;
				INSTALL_PATH = "$(LOCAL_LIBRARY_DIR)/Frameworks";
				LD_RUNPATH_SEARCH_PATHS = (
					"$(inherited)",
					"@executable_path/../Frameworks",
					"@loader_path/Frameworks",
				);
				PRODUCT_BUNDLE_IDENTIFIER = com.224apps.EssentialFeed;
				PRODUCT_NAME = "$(TARGET_NAME:c99extidentifier)";
				SKIP_INSTALL = YES;
				SUPPORTED_PLATFORMS = "macosx iphoneos iphonesimulator";
				SWIFT_OPTIMIZATION_LEVEL = "-Onone";
				SWIFT_VERSION = 5.0;
			};
			name = Debug;
		};
		455418EE2677D398000B1340 /* Release */ = {
			isa = XCBuildConfiguration;
			buildSettings = {
				CLANG_ENABLE_MODULES = YES;
				CODE_SIGN_STYLE = Automatic;
				COMBINE_HIDPI_IMAGES = YES;
				DEFINES_MODULE = YES;
				DEVELOPMENT_TEAM = 7XGX6TD7GL;
				DYLIB_COMPATIBILITY_VERSION = 1;
				DYLIB_CURRENT_VERSION = 1;
				DYLIB_INSTALL_NAME_BASE = "@rpath";
				INFOPLIST_FILE = EssentialFeed/Info.plist;
				INSTALL_PATH = "$(LOCAL_LIBRARY_DIR)/Frameworks";
				LD_RUNPATH_SEARCH_PATHS = (
					"$(inherited)",
					"@executable_path/../Frameworks",
					"@loader_path/Frameworks",
				);
				PRODUCT_BUNDLE_IDENTIFIER = com.224apps.EssentialFeed;
				PRODUCT_NAME = "$(TARGET_NAME:c99extidentifier)";
				SKIP_INSTALL = YES;
				SUPPORTED_PLATFORMS = "macosx iphoneos iphonesimulator";
				SWIFT_VERSION = 5.0;
			};
			name = Release;
		};
		455419232677E915000B1340 /* Debug */ = {
			isa = XCBuildConfiguration;
			buildSettings = {
				CLANG_ENABLE_MODULES = YES;
				CODE_SIGN_STYLE = Automatic;
				COMBINE_HIDPI_IMAGES = YES;
				DEVELOPMENT_TEAM = 7XGX6TD7GL;
				INFOPLIST_FILE = EssentialFeedTests/Info.plist;
				LD_RUNPATH_SEARCH_PATHS = (
					"$(inherited)",
					"@executable_path/../Frameworks",
					"@loader_path/../Frameworks",
				);
				PRODUCT_BUNDLE_IDENTIFIER = com.224apps.EssentialFeedTests;
				PRODUCT_NAME = "$(TARGET_NAME)";
				SUPPORTED_PLATFORMS = "macosx iphoneos iphonesimulator";
				SWIFT_OPTIMIZATION_LEVEL = "-Onone";
				SWIFT_VERSION = 5.0;
			};
			name = Debug;
		};
		455419242677E915000B1340 /* Release */ = {
			isa = XCBuildConfiguration;
			buildSettings = {
				CLANG_ENABLE_MODULES = YES;
				CODE_SIGN_STYLE = Automatic;
				COMBINE_HIDPI_IMAGES = YES;
				DEVELOPMENT_TEAM = 7XGX6TD7GL;
				INFOPLIST_FILE = EssentialFeedTests/Info.plist;
				LD_RUNPATH_SEARCH_PATHS = (
					"$(inherited)",
					"@executable_path/../Frameworks",
					"@loader_path/../Frameworks",
				);
				PRODUCT_BUNDLE_IDENTIFIER = com.224apps.EssentialFeedTests;
				PRODUCT_NAME = "$(TARGET_NAME)";
				SUPPORTED_PLATFORMS = "macosx iphoneos iphonesimulator";
				SWIFT_VERSION = 5.0;
			};
			name = Release;
		};
		45541977267D389A000B1340 /* Debug */ = {
			isa = XCBuildConfiguration;
			buildSettings = {
				CODE_SIGN_STYLE = Automatic;
				COMBINE_HIDPI_IMAGES = YES;
				DEVELOPMENT_TEAM = 7XGX6TD7GL;
				INFOPLIST_FILE = EssentialFeedAPIEndToEndTests/Info.plist;
				LD_RUNPATH_SEARCH_PATHS = (
					"$(inherited)",
					"@executable_path/../Frameworks",
					"@loader_path/../Frameworks",
				);
				PRODUCT_BUNDLE_IDENTIFIER = com.224apps.EssentialFeedAPIEndToEndTests;
				PRODUCT_NAME = "$(TARGET_NAME)";
				SUPPORTED_PLATFORMS = "macosx iphonesimulator iphoneos";
				SWIFT_VERSION = 5.0;
			};
			name = Debug;
		};
		45541978267D389A000B1340 /* Release */ = {
			isa = XCBuildConfiguration;
			buildSettings = {
				CODE_SIGN_STYLE = Automatic;
				COMBINE_HIDPI_IMAGES = YES;
				DEVELOPMENT_TEAM = 7XGX6TD7GL;
				INFOPLIST_FILE = EssentialFeedAPIEndToEndTests/Info.plist;
				LD_RUNPATH_SEARCH_PATHS = (
					"$(inherited)",
					"@executable_path/../Frameworks",
					"@loader_path/../Frameworks",
				);
				PRODUCT_BUNDLE_IDENTIFIER = com.224apps.EssentialFeedAPIEndToEndTests;
				PRODUCT_NAME = "$(TARGET_NAME)";
				SUPPORTED_PLATFORMS = "macosx iphonesimulator iphoneos";
				SWIFT_VERSION = 5.0;
			};
			name = Release;
		};
		45541A732683DED7000B1340 /* Debug */ = {
			isa = XCBuildConfiguration;
			buildSettings = {
				CODE_SIGN_STYLE = Automatic;
				COMBINE_HIDPI_IMAGES = YES;
				DEVELOPMENT_TEAM = 7XGX6TD7GL;
				INFOPLIST_FILE = EssentialFeedCacheIntegrationTests/Info.plist;
				LD_RUNPATH_SEARCH_PATHS = (
					"$(inherited)",
					"@executable_path/../Frameworks",
					"@loader_path/../Frameworks",
				);
				PRODUCT_BUNDLE_IDENTIFIER = com.224apps.EssentialFeedCacheIntegrationTests;
				PRODUCT_NAME = "$(TARGET_NAME)";
				SUPPORTED_PLATFORMS = "macosx iphoneos iphonesimulator";
				SWIFT_VERSION = 5.0;
			};
			name = Debug;
		};
		45541A742683DED7000B1340 /* Release */ = {
			isa = XCBuildConfiguration;
			buildSettings = {
				CODE_SIGN_STYLE = Automatic;
				COMBINE_HIDPI_IMAGES = YES;
				DEVELOPMENT_TEAM = 7XGX6TD7GL;
				INFOPLIST_FILE = EssentialFeedCacheIntegrationTests/Info.plist;
				LD_RUNPATH_SEARCH_PATHS = (
					"$(inherited)",
					"@executable_path/../Frameworks",
					"@loader_path/../Frameworks",
				);
				PRODUCT_BUNDLE_IDENTIFIER = com.224apps.EssentialFeedCacheIntegrationTests;
				PRODUCT_NAME = "$(TARGET_NAME)";
				SUPPORTED_PLATFORMS = "macosx iphoneos iphonesimulator";
				SWIFT_VERSION = 5.0;
			};
			name = Release;
		};
		45541B8E26857709000B1340 /* Debug */ = {
			isa = XCBuildConfiguration;
			buildSettings = {
				CODE_SIGN_STYLE = Automatic;
				DEFINES_MODULE = YES;
				DEVELOPMENT_TEAM = 7XGX6TD7GL;
				DYLIB_COMPATIBILITY_VERSION = 1;
				DYLIB_CURRENT_VERSION = 1;
				DYLIB_INSTALL_NAME_BASE = "@rpath";
				INFOPLIST_FILE = EssentialFeediOS/Info.plist;
				INSTALL_PATH = "$(LOCAL_LIBRARY_DIR)/Frameworks";
				IPHONEOS_DEPLOYMENT_TARGET = 14.4;
				LD_RUNPATH_SEARCH_PATHS = (
					"$(inherited)",
					"@executable_path/Frameworks",
					"@loader_path/Frameworks",
				);
				PRODUCT_BUNDLE_IDENTIFIER = com.224apps.EssentialFeediOS;
				PRODUCT_NAME = "$(TARGET_NAME:c99extidentifier)";
				SDKROOT = iphoneos;
				SKIP_INSTALL = YES;
				SWIFT_VERSION = 5.0;
				TARGETED_DEVICE_FAMILY = "1,2";
			};
			name = Debug;
		};
		45541B8F26857709000B1340 /* Release */ = {
			isa = XCBuildConfiguration;
			buildSettings = {
				CODE_SIGN_STYLE = Automatic;
				DEFINES_MODULE = YES;
				DEVELOPMENT_TEAM = 7XGX6TD7GL;
				DYLIB_COMPATIBILITY_VERSION = 1;
				DYLIB_CURRENT_VERSION = 1;
				DYLIB_INSTALL_NAME_BASE = "@rpath";
				INFOPLIST_FILE = EssentialFeediOS/Info.plist;
				INSTALL_PATH = "$(LOCAL_LIBRARY_DIR)/Frameworks";
				IPHONEOS_DEPLOYMENT_TARGET = 14.4;
				LD_RUNPATH_SEARCH_PATHS = (
					"$(inherited)",
					"@executable_path/Frameworks",
					"@loader_path/Frameworks",
				);
				PRODUCT_BUNDLE_IDENTIFIER = com.224apps.EssentialFeediOS;
				PRODUCT_NAME = "$(TARGET_NAME:c99extidentifier)";
				SDKROOT = iphoneos;
				SKIP_INSTALL = YES;
				SWIFT_VERSION = 5.0;
				TARGETED_DEVICE_FAMILY = "1,2";
				VALIDATE_PRODUCT = YES;
			};
			name = Release;
		};
		45541B9126857709000B1340 /* Debug */ = {
			isa = XCBuildConfiguration;
			buildSettings = {
				ALWAYS_EMBED_SWIFT_STANDARD_LIBRARIES = YES;
				CLANG_ENABLE_MODULES = YES;
				CODE_SIGN_STYLE = Automatic;
				DEVELOPMENT_TEAM = 7XGX6TD7GL;
				INFOPLIST_FILE = EssentialFeediOSTests/Info.plist;
				IPHONEOS_DEPLOYMENT_TARGET = 14.4;
				LD_RUNPATH_SEARCH_PATHS = (
					"$(inherited)",
					"@executable_path/Frameworks",
					"@loader_path/Frameworks",
				);
				PRODUCT_BUNDLE_IDENTIFIER = com.224apps.EssentialFeediOSTests;
				PRODUCT_NAME = "$(TARGET_NAME)";
				SDKROOT = iphoneos;
				SWIFT_OPTIMIZATION_LEVEL = "-Onone";
				SWIFT_VERSION = 5.0;
				TARGETED_DEVICE_FAMILY = "1,2";
			};
			name = Debug;
		};
		45541B9226857709000B1340 /* Release */ = {
			isa = XCBuildConfiguration;
			buildSettings = {
				ALWAYS_EMBED_SWIFT_STANDARD_LIBRARIES = YES;
				CLANG_ENABLE_MODULES = YES;
				CODE_SIGN_STYLE = Automatic;
				DEVELOPMENT_TEAM = 7XGX6TD7GL;
				INFOPLIST_FILE = EssentialFeediOSTests/Info.plist;
				IPHONEOS_DEPLOYMENT_TARGET = 14.4;
				LD_RUNPATH_SEARCH_PATHS = (
					"$(inherited)",
					"@executable_path/Frameworks",
					"@loader_path/Frameworks",
				);
				PRODUCT_BUNDLE_IDENTIFIER = com.224apps.EssentialFeediOSTests;
				PRODUCT_NAME = "$(TARGET_NAME)";
				SDKROOT = iphoneos;
				SWIFT_VERSION = 5.0;
				TARGETED_DEVICE_FAMILY = "1,2";
				VALIDATE_PRODUCT = YES;
			};
			name = Release;
		};
/* End XCBuildConfiguration section */

/* Begin XCConfigurationList section */
		455418D22677D398000B1340 /* Build configuration list for PBXProject "EssentialFeed" */ = {
			isa = XCConfigurationList;
			buildConfigurations = (
				455418EA2677D398000B1340 /* Debug */,
				455418EB2677D398000B1340 /* Release */,
			);
			defaultConfigurationIsVisible = 0;
			defaultConfigurationName = Release;
		};
		455418EC2677D398000B1340 /* Build configuration list for PBXNativeTarget "EssentialFeed" */ = {
			isa = XCConfigurationList;
			buildConfigurations = (
				455418ED2677D398000B1340 /* Debug */,
				455418EE2677D398000B1340 /* Release */,
			);
			defaultConfigurationIsVisible = 0;
			defaultConfigurationName = Release;
		};
		455419222677E915000B1340 /* Build configuration list for PBXNativeTarget "EssentialFeedTests" */ = {
			isa = XCConfigurationList;
			buildConfigurations = (
				455419232677E915000B1340 /* Debug */,
				455419242677E915000B1340 /* Release */,
			);
			defaultConfigurationIsVisible = 0;
			defaultConfigurationName = Release;
		};
		45541976267D389A000B1340 /* Build configuration list for PBXNativeTarget "EssentialFeedAPIEndToEndTests" */ = {
			isa = XCConfigurationList;
			buildConfigurations = (
				45541977267D389A000B1340 /* Debug */,
				45541978267D389A000B1340 /* Release */,
			);
			defaultConfigurationIsVisible = 0;
			defaultConfigurationName = Release;
		};
		45541A722683DED7000B1340 /* Build configuration list for PBXNativeTarget "EssentialFeedCacheIntegrationTests" */ = {
			isa = XCConfigurationList;
			buildConfigurations = (
				45541A732683DED7000B1340 /* Debug */,
				45541A742683DED7000B1340 /* Release */,
			);
			defaultConfigurationIsVisible = 0;
			defaultConfigurationName = Release;
		};
		45541B8D26857709000B1340 /* Build configuration list for PBXNativeTarget "EssentialFeediOS" */ = {
			isa = XCConfigurationList;
			buildConfigurations = (
				45541B8E26857709000B1340 /* Debug */,
				45541B8F26857709000B1340 /* Release */,
			);
			defaultConfigurationIsVisible = 0;
			defaultConfigurationName = Release;
		};
		45541B9026857709000B1340 /* Build configuration list for PBXNativeTarget "EssentialFeediOSTests" */ = {
			isa = XCConfigurationList;
			buildConfigurations = (
				45541B9126857709000B1340 /* Debug */,
				45541B9226857709000B1340 /* Release */,
			);
			defaultConfigurationIsVisible = 0;
			defaultConfigurationName = Release;
		};
/* End XCConfigurationList section */

/* Begin XCVersionGroup section */
		45541A582683A948000B1340 /* FeedStore.xcdatamodeld */ = {
			isa = XCVersionGroup;
			children = (
				45541A592683A948000B1340 /* FeedStore.xcdatamodel */,
			);
			currentVersion = 45541A592683A948000B1340 /* FeedStore.xcdatamodel */;
			path = FeedStore.xcdatamodeld;
			sourceTree = "<group>";
			versionGroupType = wrapper.xcdatamodel;
		};
/* End XCVersionGroup section */
	};
	rootObject = 455418CF2677D398000B1340 /* Project object */;
}
